
Microsoft Visual Studio Solution File, Format Version 12.00
# Visual Studio 15
VisualStudioVersion = 15.0.27130.2024
MinimumVisualStudioVersion = 10.0.40219.1
Project("{FAE04EC0-301F-11D3-BF4B-00C04F79EFBC}") = "AccountBalance.Domain", "AccountBalance.domain\AccountBalance.Domain.csproj", "{FAFB7B6D-A0AB-47A3-AFB9-B0C9C4DAB372}"
EndProject
Project("{FAE04EC0-301F-11D3-BF4B-00C04F79EFBC}") = "AccountBalance.Domain.Tests", "AccountBalance.Domain.Tests\AccountBalance.Domain.Tests.csproj", "{A76D297A-718A-470E-A077-26E6027AF82D}"
EndProject
Global
	GlobalSection(SolutionConfigurationPlatforms) = preSolution
		Debug|Any CPU = Debug|Any CPU
		Release|Any CPU = Release|Any CPU
	EndGlobalSection
	GlobalSection(ProjectConfigurationPlatforms) = postSolution
		{FAFB7B6D-A0AB-47A3-AFB9-B0C9C4DAB372}.Debug|Any CPU.ActiveCfg = Debug|Any CPU
		{FAFB7B6D-A0AB-47A3-AFB9-B0C9C4DAB372}.Debug|Any CPU.Build.0 = Debug|Any CPU
		{FAFB7B6D-A0AB-47A3-AFB9-B0C9C4DAB372}.Release|Any CPU.ActiveCfg = Release|Any CPU
		{FAFB7B6D-A0AB-47A3-AFB9-B0C9C4DAB372}.Release|Any CPU.Build.0 = Release|Any CPU
		{A76D297A-718A-470E-A077-26E6027AF82D}.Debug|Any CPU.ActiveCfg = Debug|Any CPU
		{A76D297A-718A-470E-A077-26E6027AF82D}.Debug|Any CPU.Build.0 = Debug|Any CPU
		{A76D297A-718A-470E-A077-26E6027AF82D}.Release|Any CPU.ActiveCfg = Release|Any CPU
		{A76D297A-718A-470E-A077-26E6027AF82D}.Release|Any CPU.Build.0 = Release|Any CPU
	EndGlobalSection
	GlobalSection(SolutionProperties) = preSolution
		HideSolutionNode = FALSE
	EndGlobalSection
	GlobalSection(ExtensibilityGlobals) = postSolution
		SolutionGuid = {449E1799-F77E-45CD-8145-69EE877C3FDD}
	EndGlobalSection
EndGlobal
